<?xml version="1.0" encoding="utf-8"?>
<Project ToolsVersion="4.0" xmlns="http://schemas.microsoft.com/developer/msbuild/2003">
  <ItemGroup>
    <Filter Include="源文件">
      <UniqueIdentifier>{4FC737F1-C7A5-4376-A066-2A32D752A2FF}</UniqueIdentifier>
      <Extensions>cpp;c;cc;cxx;c++;cppm;ixx;def;odl;idl;hpj;bat;asm;asmx</Extensions>
    </Filter>
    <Filter Include="头文件">
      <UniqueIdentifier>{93995380-89BD-4b04-88EB-625FBE52EBFB}</UniqueIdentifier>
      <Extensions>h;hh;hpp;hxx;h++;hm;inl;inc;ipp;xsd</Extensions>
    </Filter>
    <Filter Include="资源文件">
      <UniqueIdentifier>{67DA6AB6-F800-4c08-8B7A-83BB121AAD01}</UniqueIdentifier>
      <Extensions>rc;ico;cur;bmp;dlg;rc2;rct;bin;rgs;gif;jpg;jpeg;jpe;resx;tiff;tif;png;wav;mfcribbon-ms</Extensions>
    </Filter>
    <Filter Include="Code">
      <UniqueIdentifier>{ee17ba17-fab0-4d20-a9da-94bb9cdf6b1b}</UniqueIdentifier>
    </Filter>
    <Filter Include="Code\Renderer">
      <UniqueIdentifier>{608fd16a-00e6-4f92-96a6-028039a35707}</UniqueIdentifier>
    </Filter>
    <Filter Include="Code\Device">
      <UniqueIdentifier>{58faf9ee-e477-40eb-80c9-5ef308e27cd2}</UniqueIdentifier>
    </Filter>
    <Filter Include="Code\Engine">
      <UniqueIdentifier>{f08fb2b3-a570-4cb5-8a32-0a0d04b08003}</UniqueIdentifier>
    </Filter>
    <Filter Include="Code\CommunicationData">
      <UniqueIdentifier>{55a0c897-7721-41a8-a5d1-031c1c9b167e}</UniqueIdentifier>
    </Filter>
    <Filter Include="Code\Device\DX12">
      <UniqueIdentifier>{b7bb8ba9-ef3e-48f1-840e-5a9706aca045}</UniqueIdentifier>
    </Filter>
  </ItemGroup>
  <ItemGroup>
    <ClInclude Include="framework.h">
      <Filter>头文件</Filter>
    </ClInclude>
    <ClInclude Include="targetver.h">
      <Filter>头文件</Filter>
    </ClInclude>
    <ClInclude Include="Resource.h">
      <Filter>头文件</Filter>
    </ClInclude>
    <ClInclude Include="RenderDemo.h">
      <Filter>头文件</Filter>
    </ClInclude>
    <ClInclude Include="Renderer\FrameRender.h">
      <Filter>Code\Renderer</Filter>
    </ClInclude>
    <ClInclude Include="Device\Device.h">
      <Filter>Code\Device</Filter>
    </ClInclude>
    <ClInclude Include="Engine\FrameDataOperator.h">
      <Filter>Code\Engine</Filter>
    </ClInclude>
    <ClInclude Include="Engine\EngineCore.h">
      <Filter>Code\Engine</Filter>
    </ClInclude>
    <ClInclude Include="CommunicationData\FrameData.h">
      <Filter>Code\CommunicationData</Filter>
    </ClInclude>
    <ClInclude Include="Renderer\ViewPortRender.h">
      <Filter>Code\Renderer</Filter>
    </ClInclude>
    <ClInclude Include="Renderer\ResourceRender.h">
      <Filter>Code\Renderer</Filter>
    </ClInclude>
    <ClInclude Include="Device\DeviceRes.h">
      <Filter>Code\Device</Filter>
    </ClInclude>
    <ClInclude Include="Renderer\DefineRender.h">
      <Filter>Code\Renderer</Filter>
    </ClInclude>
    <ClInclude Include="Device\D3D12Device.h">
      <Filter>Code\Device\DX12</Filter>
    </ClInclude>
    <ClInclude Include="Device\D3D12DeviceRes.h">
      <Filter>Code\Device\DX12</Filter>
    </ClInclude>
  </ItemGroup>
  <ItemGroup>
    <ClCompile Include="RenderDemo.cpp">
      <Filter>源文件</Filter>
    </ClCompile>
    <ClCompile Include="Renderer\FrameRender.cpp">
      <Filter>Code\Renderer</Filter>
    </ClCompile>
    <ClCompile Include="Device\Device.cpp">
      <Filter>Code\Device</Filter>
    </ClCompile>
    <ClCompile Include="Engine\FrameDataOperator.cpp">
      <Filter>Code\Engine</Filter>
    </ClCompile>
    <ClCompile Include="Engine\EngineCore.cpp">
      <Filter>Code\Engine</Filter>
    </ClCompile>
    <ClCompile Include="CommunicationData\FrameData.cpp">
      <Filter>Code\CommunicationData</Filter>
    </ClCompile>
    <ClCompile Include="Renderer\ViewPortRender.cpp">
      <Filter>Code\Renderer</Filter>
    </ClCompile>
    <ClCompile Include="Renderer\ResourceRender.cpp">
      <Filter>Code\Renderer</Filter>
    </ClCompile>
    <ClCompile Include="Device\DeviceRes.cpp">
      <Filter>Code\Device</Filter>
    </ClCompile>
    <ClCompile Include="Renderer\DefineRender.cpp">
      <Filter>Code\Renderer</Filter>
    </ClCompile>
    <ClCompile Include="Device\D3D12Device.cpp">
      <Filter>Code\Device\DX12</Filter>
    </ClCompile>
    <ClCompile Include="Device\D3D12DeviceRes.cpp">
      <Filter>Code\Device\DX12</Filter>
    </ClCompile>
  </ItemGroup>
  <ItemGroup>
    <ResourceCompile Include="RenderDemo.rc">
      <Filter>资源文件</Filter>
    </ResourceCompile>
  </ItemGroup>
  <ItemGroup>
    <Image Include="small.ico">
      <Filter>资源文件</Filter>
    </Image>
    <Image Include="RenderDemo.ico">
      <Filter>资源文件</Filter>
    </Image>
  </ItemGroup>
</Project>