<?xml version="1.0" encoding="utf-8"?>
<Project ToolsVersion="4.0" xmlns="http://schemas.microsoft.com/developer/msbuild/2003">
  <ItemGroup>
    <Filter Include="Assets">
      <UniqueIdentifier>{09095d68-bcd7-45c4-b007-5c8ddb5d60a4}</UniqueIdentifier>
    </Filter>
    <Filter Include="Assets\Shaders">
      <UniqueIdentifier>{8b0cb0c9-e0d8-4107-91c8-11654fac88e7}</UniqueIdentifier>
    </Filter>
    <Filter Include="DXR">
      <UniqueIdentifier>{da7a876a-9eac-45e3-81ed-461c4df790bd}</UniqueIdentifier>
    </Filter>
    <Filter Include="RayTracing">
      <UniqueIdentifier>{67bebf86-9539-4f7f-b9e9-a376519ec1f1}</UniqueIdentifier>
    </Filter>
    <Filter Include="FrameWork">
      <UniqueIdentifier>{ab476519-9507-4c97-9f37-9d9d7eb42e87}</UniqueIdentifier>
    </Filter>
    <Filter Include="ResourceImport">
      <UniqueIdentifier>{3e195b20-a20c-400c-a14f-a03bf0cb749e}</UniqueIdentifier>
    </Filter>
    <Filter Include="Resource">
      <UniqueIdentifier>{95128637-4ab5-4605-88d7-60a5c25844ff}</UniqueIdentifier>
    </Filter>
    <Filter Include="Support">
      <UniqueIdentifier>{da9ca5c4-cd44-4fd0-9897-377e9fd4b612}</UniqueIdentifier>
    </Filter>
  </ItemGroup>
  <ItemGroup>
    <ClInclude Include="..\..\DXR\DXRHelper.h">
      <Filter>DXR</Filter>
    </ClInclude>
    <ClInclude Include="..\..\DXR\nv_helpers_dx12\BottomLevelASGenerator.h">
      <Filter>DXR</Filter>
    </ClInclude>
    <ClInclude Include="..\..\DXR\nv_helpers_dx12\RaytracingPipelineGenerator.h">
      <Filter>DXR</Filter>
    </ClInclude>
    <ClInclude Include="..\..\DXR\nv_helpers_dx12\RootSignatureGenerator.h">
      <Filter>DXR</Filter>
    </ClInclude>
    <ClInclude Include="..\..\DXR\nv_helpers_dx12\ShaderBindingTableGenerator.h">
      <Filter>DXR</Filter>
    </ClInclude>
    <ClInclude Include="..\..\DXR\nv_helpers_dx12\TopLevelASGenerator.h">
      <Filter>DXR</Filter>
    </ClInclude>
    <ClInclude Include="Camera.h">
      <Filter>FrameWork</Filter>
    </ClInclude>
    <ClInclude Include="D3D12HelloTriangle.h">
      <Filter>RayTracing</Filter>
    </ClInclude>
    <ClInclude Include="d3dx12.h">
      <Filter>RayTracing</Filter>
    </ClInclude>
    <ClInclude Include="DXSampleHelper.h">
      <Filter>RayTracing</Filter>
    </ClInclude>
    <ClInclude Include="DXSample.h">
      <Filter>FrameWork</Filter>
    </ClInclude>
    <ClInclude Include="Win32Application.h">
      <Filter>FrameWork</Filter>
    </ClInclude>
    <ClInclude Include="stdafx.h">
      <Filter>FrameWork</Filter>
    </ClInclude>
    <ClInclude Include="MeshImporter.h">
      <Filter>ResourceImport</Filter>
    </ClInclude>
    <ClInclude Include="tiny_obj_loader.h">
      <Filter>ResourceImport</Filter>
    </ClInclude>
    <ClInclude Include="IRawResource.h">
      <Filter>Resource</Filter>
    </ClInclude>
    <ClInclude Include="RawStaticMesh.h">
      <Filter>Resource</Filter>
    </ClInclude>
    <ClInclude Include="MyMath.h">
      <Filter>Support</Filter>
    </ClInclude>
    <ClInclude Include="D3D12Context.h">
      <Filter>FrameWork</Filter>
    </ClInclude>
  </ItemGroup>
  <ItemGroup>
    <ClCompile Include="D3D12HelloTriangle.cpp">
      <Filter>RayTracing</Filter>
    </ClCompile>
    <ClCompile Include="..\..\DXR\nv_helpers_dx12\BottomLevelASGenerator.cpp">
      <Filter>DXR</Filter>
    </ClCompile>
    <ClCompile Include="..\..\DXR\nv_helpers_dx12\RaytracingPipelineGenerator.cpp">
      <Filter>DXR</Filter>
    </ClCompile>
    <ClCompile Include="..\..\DXR\nv_helpers_dx12\RootSignatureGenerator.cpp">
      <Filter>DXR</Filter>
    </ClCompile>
    <ClCompile Include="..\..\DXR\nv_helpers_dx12\ShaderBindingTableGenerator.cpp">
      <Filter>DXR</Filter>
    </ClCompile>
    <ClCompile Include="..\..\DXR\nv_helpers_dx12\TopLevelASGenerator.cpp">
      <Filter>DXR</Filter>
    </ClCompile>
    <ClCompile Include="Camera.cpp">
      <Filter>FrameWork</Filter>
    </ClCompile>
    <ClCompile Include="DXSample.cpp">
      <Filter>FrameWork</Filter>
    </ClCompile>
    <ClCompile Include="Main.cpp">
      <Filter>FrameWork</Filter>
    </ClCompile>
    <ClCompile Include="stdafx.cpp">
      <Filter>FrameWork</Filter>
    </ClCompile>
    <ClCompile Include="Win32Application.cpp">
      <Filter>FrameWork</Filter>
    </ClCompile>
    <ClCompile Include="MeshImporter.cpp">
      <Filter>ResourceImport</Filter>
    </ClCompile>
    <ClCompile Include="RawStaticMesh.cpp">
      <Filter>Resource</Filter>
    </ClCompile>
    <ClCompile Include="MyMath.cpp">
      <Filter>Support</Filter>
    </ClCompile>
    <ClCompile Include="D3D12Context.cpp">
      <Filter>FrameWork</Filter>
    </ClCompile>
  </ItemGroup>
  <ItemGroup>
    <CustomBuild Include="shaders.hlsl">
      <Filter>Assets\Shaders</Filter>
    </CustomBuild>
  </ItemGroup>
</Project>